// !$*UTF8*$!
{
	archiveVersion = 1;
	classes = {
	};
	objectVersion = 51;
	objects = {

/* Begin PBXBuildFile section */
		AF7D061B28452B5F9C8CC48F /* Pods_AsyncImageCollection.framework in Frameworks */ = {isa = PBXBuildFile; fileRef = B5C4C364A278AAB5C22EC028 /* Pods_AsyncImageCollection.framework */; };
		CC49E4A726728855003DD2BC /* AppDelegate.swift in Sources */ = {isa = PBXBuildFile; fileRef = CC49E4A626728855003DD2BC /* AppDelegate.swift */; };
		CC49E4B026728858003DD2BC /* Assets.xcassets in Resources */ = {isa = PBXBuildFile; fileRef = CC49E4AF26728858003DD2BC /* Assets.xcassets */; };
		CC49E4B326728858003DD2BC /* LaunchScreen.storyboard in Resources */ = {isa = PBXBuildFile; fileRef = CC49E4B126728858003DD2BC /* LaunchScreen.storyboard */; };
		CC49E4CF26728D45003DD2BC /* Movie.swift in Sources */ = {isa = PBXBuildFile; fileRef = CC49E4CE26728D45003DD2BC /* Movie.swift */; };
		CC49E4D226728D64003DD2BC /* MovieRepository.swift in Sources */ = {isa = PBXBuildFile; fileRef = CC49E4D126728D64003DD2BC /* MovieRepository.swift */; };
		CC49E4D526728D7B003DD2BC /* MovieNetworkRepository.swift in Sources */ = {isa = PBXBuildFile; fileRef = CC49E4D426728D7B003DD2BC /* MovieNetworkRepository.swift */; };
		CC49E4D826728D9F003DD2BC /* KeylessURL.swift in Sources */ = {isa = PBXBuildFile; fileRef = CC49E4D726728D9F003DD2BC /* KeylessURL.swift */; };
		CC49E4DB26728DE0003DD2BC /* NetworkManager.swift in Sources */ = {isa = PBXBuildFile; fileRef = CC49E4DA26728DE0003DD2BC /* NetworkManager.swift */; };
		CC49E4DF26728E35003DD2BC /* NetworkResponse.swift in Sources */ = {isa = PBXBuildFile; fileRef = CC49E4DE26728E35003DD2BC /* NetworkResponse.swift */; };
		CC49E4E526728F41003DD2BC /* Coordinator.swift in Sources */ = {isa = PBXBuildFile; fileRef = CC49E4E426728F41003DD2BC /* Coordinator.swift */; };
		CC49E4E926728F72003DD2BC /* ApplicationCoordinator.swift in Sources */ = {isa = PBXBuildFile; fileRef = CC49E4E826728F72003DD2BC /* ApplicationCoordinator.swift */; };
		CC49E4EF26729202003DD2BC /* PopularMoviewViewController.swift in Sources */ = {isa = PBXBuildFile; fileRef = CC49E4EE26729202003DD2BC /* PopularMoviewViewController.swift */; };
/* End PBXBuildFile section */

/* Begin PBXFileReference section */
		3F0CA1D4E8A2C665423E5810 /* Pods-AsyncImageCollection.release.xcconfig */ = {isa = PBXFileReference; includeInIndex = 1; lastKnownFileType = text.xcconfig; name = "Pods-AsyncImageCollection.release.xcconfig"; path = "Target Support Files/Pods-AsyncImageCollection/Pods-AsyncImageCollection.release.xcconfig"; sourceTree = "<group>"; };
		9F7C50ACC8F85C74D8D5C299 /* Pods-AsyncImageCollection.debug.xcconfig */ = {isa = PBXFileReference; includeInIndex = 1; lastKnownFileType = text.xcconfig; name = "Pods-AsyncImageCollection.debug.xcconfig"; path = "Target Support Files/Pods-AsyncImageCollection/Pods-AsyncImageCollection.debug.xcconfig"; sourceTree = "<group>"; };
		B5C4C364A278AAB5C22EC028 /* Pods_AsyncImageCollection.framework */ = {isa = PBXFileReference; explicitFileType = wrapper.framework; includeInIndex = 0; path = Pods_AsyncImageCollection.framework; sourceTree = BUILT_PRODUCTS_DIR; };
		CC49E4A326728855003DD2BC /* AsyncImageCollection.app */ = {isa = PBXFileReference; explicitFileType = wrapper.application; includeInIndex = 0; path = AsyncImageCollection.app; sourceTree = BUILT_PRODUCTS_DIR; };
		CC49E4A626728855003DD2BC /* AppDelegate.swift */ = {isa = PBXFileReference; lastKnownFileType = sourcecode.swift; path = AppDelegate.swift; sourceTree = "<group>"; };
		CC49E4AF26728858003DD2BC /* Assets.xcassets */ = {isa = PBXFileReference; lastKnownFileType = folder.assetcatalog; path = Assets.xcassets; sourceTree = "<group>"; };
		CC49E4B226728858003DD2BC /* Base */ = {isa = PBXFileReference; lastKnownFileType = file.storyboard; name = Base; path = Base.lproj/LaunchScreen.storyboard; sourceTree = "<group>"; };
		CC49E4B426728858003DD2BC /* Info.plist */ = {isa = PBXFileReference; lastKnownFileType = text.plist.xml; path = Info.plist; sourceTree = "<group>"; };
		CC49E4CE26728D45003DD2BC /* Movie.swift */ = {isa = PBXFileReference; lastKnownFileType = sourcecode.swift; path = Movie.swift; sourceTree = "<group>"; };
		CC49E4D126728D64003DD2BC /* MovieRepository.swift */ = {isa = PBXFileReference; lastKnownFileType = sourcecode.swift; path = MovieRepository.swift; sourceTree = "<group>"; };
		CC49E4D426728D7B003DD2BC /* MovieNetworkRepository.swift */ = {isa = PBXFileReference; lastKnownFileType = sourcecode.swift; path = MovieNetworkRepository.swift; sourceTree = "<group>"; };
		CC49E4D726728D9F003DD2BC /* KeylessURL.swift */ = {isa = PBXFileReference; lastKnownFileType = sourcecode.swift; path = KeylessURL.swift; sourceTree = "<group>"; };
		CC49E4DA26728DE0003DD2BC /* NetworkManager.swift */ = {isa = PBXFileReference; lastKnownFileType = sourcecode.swift; path = NetworkManager.swift; sourceTree = "<group>"; };
		CC49E4DE26728E35003DD2BC /* NetworkResponse.swift */ = {isa = PBXFileReference; lastKnownFileType = sourcecode.swift; path = NetworkResponse.swift; sourceTree = "<group>"; };
		CC49E4E426728F41003DD2BC /* Coordinator.swift */ = {isa = PBXFileReference; lastKnownFileType = sourcecode.swift; path = Coordinator.swift; sourceTree = "<group>"; };
		CC49E4E826728F72003DD2BC /* ApplicationCoordinator.swift */ = {isa = PBXFileReference; lastKnownFileType = sourcecode.swift; path = ApplicationCoordinator.swift; sourceTree = "<group>"; };
		CC49E4EE26729202003DD2BC /* PopularMoviewViewController.swift */ = {isa = PBXFileReference; lastKnownFileType = sourcecode.swift; path = PopularMoviewViewController.swift; sourceTree = "<group>"; };
/* End PBXFileReference section */

/* Begin PBXFrameworksBuildPhase section */
		CC49E4A026728855003DD2BC /* Frameworks */ = {
			isa = PBXFrameworksBuildPhase;
			buildActionMask = 2147483647;
			files = (
				AF7D061B28452B5F9C8CC48F /* Pods_AsyncImageCollection.framework in Frameworks */,
			);
			runOnlyForDeploymentPostprocessing = 0;
		};
/* End PBXFrameworksBuildPhase section */

/* Begin PBXGroup section */
		123F7084F315F71A142EB758 /* Frameworks */ = {
			isa = PBXGroup;
			children = (
				B5C4C364A278AAB5C22EC028 /* Pods_AsyncImageCollection.framework */,
			);
			name = Frameworks;
			sourceTree = "<group>";
		};
		82C236D0E26EA00B31160587 /* Pods */ = {
			isa = PBXGroup;
			children = (
				9F7C50ACC8F85C74D8D5C299 /* Pods-AsyncImageCollection.debug.xcconfig */,
				3F0CA1D4E8A2C665423E5810 /* Pods-AsyncImageCollection.release.xcconfig */,
			);
			path = Pods;
			sourceTree = "<group>";
		};
		CC49E49A26728855003DD2BC = {
			isa = PBXGroup;
			children = (
				CC49E4A526728855003DD2BC /* AsyncImageCollection */,
				CC49E4A426728855003DD2BC /* Products */,
				82C236D0E26EA00B31160587 /* Pods */,
				123F7084F315F71A142EB758 /* Frameworks */,
			);
			sourceTree = "<group>";
		};
		CC49E4A426728855003DD2BC /* Products */ = {
			isa = PBXGroup;
			children = (
				CC49E4A326728855003DD2BC /* AsyncImageCollection.app */,
			);
			name = Products;
			sourceTree = "<group>";
		};
		CC49E4A526728855003DD2BC /* AsyncImageCollection */ = {
			isa = PBXGroup;
			children = (
				CC49E4C326728A4B003DD2BC /* Models */,
				CC49E4C126728A3F003DD2BC /* Controllers */,
				CC49E4C426728A51003DD2BC /* Views */,
				CC49E4BE26728A2B003DD2BC /* Application */,
				CC49E4C626728AB6003DD2BC /* Constants */,
				CC49E4C526728A75003DD2BC /* Utilities */,
				CC49E4B426728858003DD2BC /* Info.plist */,
				CC49E4AF26728858003DD2BC /* Assets.xcassets */,
				CC49E4B126728858003DD2BC /* LaunchScreen.storyboard */,
			);
			path = AsyncImageCollection;
			sourceTree = "<group>";
		};
		CC49E4BE26728A2B003DD2BC /* Application */ = {
			isa = PBXGroup;
			children = (
				CC49E4A626728855003DD2BC /* AppDelegate.swift */,
				CC49E4E826728F72003DD2BC /* ApplicationCoordinator.swift */,
			);
			path = Application;
			sourceTree = "<group>";
		};
		CC49E4C126728A3F003DD2BC /* Controllers */ = {
			isa = PBXGroup;
			children = (
				CC49E4EE26729202003DD2BC /* PopularMoviewViewController.swift */,
			);
			path = Controllers;
			sourceTree = "<group>";
		};
		CC49E4C326728A4B003DD2BC /* Models */ = {
			isa = PBXGroup;
			children = (
				CC49E4E226728E40003DD2BC /* Movie */,
				CC49E4DE26728E35003DD2BC /* NetworkResponse.swift */,
			);
			path = Models;
			sourceTree = "<group>";
		};
		CC49E4C426728A51003DD2BC /* Views */ = {
			isa = PBXGroup;
			children = (
			);
			path = Views;
			sourceTree = "<group>";
		};
		CC49E4C526728A75003DD2BC /* Utilities */ = {
			isa = PBXGroup;
			children = (
				CC49E4DA26728DE0003DD2BC /* NetworkManager.swift */,
				CC49E4E426728F41003DD2BC /* Coordinator.swift */,
			);
			path = Utilities;
			sourceTree = "<group>";
		};
		CC49E4C626728AB6003DD2BC /* Constants */ = {
			isa = PBXGroup;
			children = (
				CC49E4D726728D9F003DD2BC /* KeylessURL.swift */,
			);
			path = Constants;
			sourceTree = "<group>";
		};
		CC49E4E226728E40003DD2BC /* Movie */ = {
			isa = PBXGroup;
			children = (
				CC49E4E326728E4B003DD2BC /* Repositories */,
				CC49E4CE26728D45003DD2BC /* Movie.swift */,
			);
			path = Movie;
			sourceTree = "<group>";
		};
		CC49E4E326728E4B003DD2BC /* Repositories */ = {
			isa = PBXGroup;
			children = (
				CC49E4D426728D7B003DD2BC /* MovieNetworkRepository.swift */,
				CC49E4D126728D64003DD2BC /* MovieRepository.swift */,
			);
			path = Repositories;
			sourceTree = "<group>";
		};
/* End PBXGroup section */

/* Begin PBXNativeTarget section */
		CC49E4A226728855003DD2BC /* AsyncImageCollection */ = {
			isa = PBXNativeTarget;
			buildConfigurationList = CC49E4B726728858003DD2BC /* Build configuration list for PBXNativeTarget "AsyncImageCollection" */;
			buildPhases = (
				6A923D05F1916C1CEEDCDAD9 /* [CP] Check Pods Manifest.lock */,
				CC49E49F26728855003DD2BC /* Sources */,
				CC49E4A026728855003DD2BC /* Frameworks */,
				CC49E4A126728855003DD2BC /* Resources */,
				0B581D18377E8888DD8216A5 /* [CP] Embed Pods Frameworks */,
			);
			buildRules = (
			);
			dependencies = (
			);
			name = AsyncImageCollection;
			productName = AsyncImageCollection;
			productReference = CC49E4A326728855003DD2BC /* AsyncImageCollection.app */;
			productType = "com.apple.product-type.application";
		};
/* End PBXNativeTarget section */

/* Begin PBXProject section */
		CC49E49B26728855003DD2BC /* Project object */ = {
			isa = PBXProject;
			attributes = {
				LastSwiftUpdateCheck = 1240;
				LastUpgradeCheck = 1240;
				TargetAttributes = {
					CC49E4A226728855003DD2BC = {
						CreatedOnToolsVersion = 12.4;
					};
				};
			};
			buildConfigurationList = CC49E49E26728855003DD2BC /* Build configuration list for PBXProject "AsyncImageCollection" */;
			compatibilityVersion = "Xcode 9.3";
			developmentRegion = en;
			hasScannedForEncodings = 0;
			knownRegions = (
				en,
				Base,
			);
			mainGroup = CC49E49A26728855003DD2BC;
			productRefGroup = CC49E4A426728855003DD2BC /* Products */;
			projectDirPath = "";
			projectRoot = "";
			targets = (
				CC49E4A226728855003DD2BC /* AsyncImageCollection */,
			);
		};
/* End PBXProject section */

/* Begin PBXResourcesBuildPhase section */
		CC49E4A126728855003DD2BC /* Resources */ = {
			isa = PBXResourcesBuildPhase;
			buildActionMask = 2147483647;
			files = (
				CC49E4B326728858003DD2BC /* LaunchScreen.storyboard in Resources */,
				CC49E4B026728858003DD2BC /* Assets.xcassets in Resources */,
			);
			runOnlyForDeploymentPostprocessing = 0;
		};
/* End PBXResourcesBuildPhase section */

/* Begin PBXShellScriptBuildPhase section */
		0B581D18377E8888DD8216A5 /* [CP] Embed Pods Frameworks */ = {
			isa = PBXShellScriptBuildPhase;
			buildActionMask = 2147483647;
			files = (
			);
			inputFileListPaths = (
				"${PODS_ROOT}/Target Support Files/Pods-AsyncImageCollection/Pods-AsyncImageCollection-frameworks-${CONFIGURATION}-input-files.xcfilelist",
			);
			name = "[CP] Embed Pods Frameworks";
			outputFileListPaths = (
				"${PODS_ROOT}/Target Support Files/Pods-AsyncImageCollection/Pods-AsyncImageCollection-frameworks-${CONFIGURATION}-output-files.xcfilelist",
			);
			runOnlyForDeploymentPostprocessing = 0;
			shellPath = /bin/sh;
			shellScript = "\"${PODS_ROOT}/Target Support Files/Pods-AsyncImageCollection/Pods-AsyncImageCollection-frameworks.sh\"\n";
			showEnvVarsInLog = 0;
		};
		6A923D05F1916C1CEEDCDAD9 /* [CP] Check Pods Manifest.lock */ = {
			isa = PBXShellScriptBuildPhase;
			buildActionMask = 2147483647;
			files = (
			);
			inputFileListPaths = (
			);
			inputPaths = (
				"${PODS_PODFILE_DIR_PATH}/Podfile.lock",
				"${PODS_ROOT}/Manifest.lock",
			);
			name = "[CP] Check Pods Manifest.lock";
			outputFileListPaths = (
			);
			outputPaths = (
				"$(DERIVED_FILE_DIR)/Pods-AsyncImageCollection-checkManifestLockResult.txt",
			);
			runOnlyForDeploymentPostprocessing = 0;
			shellPath = /bin/sh;
			shellScript = "diff \"${PODS_PODFILE_DIR_PATH}/Podfile.lock\" \"${PODS_ROOT}/Manifest.lock\" > /dev/null\nif [ $? != 0 ] ; then\n    # print error to STDERR\n    echo \"error: The sandbox is not in sync with the Podfile.lock. Run 'pod install' or update your CocoaPods installation.\" >&2\n    exit 1\nfi\n# This output is used by Xcode 'outputs' to avoid re-running this script phase.\necho \"SUCCESS\" > \"${SCRIPT_OUTPUT_FILE_0}\"\n";
			showEnvVarsInLog = 0;
		};
/* End PBXShellScriptBuildPhase section */

/* Begin PBXSourcesBuildPhase section */
		CC49E49F26728855003DD2BC /* Sources */ = {
			isa = PBXSourcesBuildPhase;
			buildActionMask = 2147483647;
			files = (
				CC49E4D826728D9F003DD2BC /* KeylessURL.swift in Sources */,
				CC49E4DF26728E35003DD2BC /* NetworkResponse.swift in Sources */,
				CC49E4D226728D64003DD2BC /* MovieRepository.swift in Sources */,
				CC49E4DB26728DE0003DD2BC /* NetworkManager.swift in Sources */,
				CC49E4E926728F72003DD2BC /* ApplicationCoordinator.swift in Sources */,
				CC49E4A726728855003DD2BC /* AppDelegate.swift in Sources */,
				CC49E4CF26728D45003DD2BC /* Movie.swift in Sources */,
				CC49E4EF26729202003DD2BC /* PopularMoviewViewController.swift in Sources */,
				CC49E4D526728D7B003DD2BC /* MovieNetworkRepository.swift in Sources */,
				CC49E4E526728F41003DD2BC /* Coordinator.swift in Sources */,
			);
			runOnlyForDeploymentPostprocessing = 0;
		};
/* End PBXSourcesBuildPhase section */

/* Begin PBXVariantGroup section */
		CC49E4B126728858003DD2BC /* LaunchScreen.storyboard */ = {
			isa = PBXVariantGroup;
			children = (
				CC49E4B226728858003DD2BC /* Base */,
			);
			name = LaunchScreen.storyboard;
			sourceTree = "<group>";
		};
/* End PBXVariantGroup section */

/* Begin XCBuildConfiguration section */
		CC49E4B526728858003DD2BC /* Debug */ = {
			isa = XCBuildConfiguration;
			buildSettings = {
				ALWAYS_SEARCH_USER_PATHS = NO;
				CLANG_ANALYZER_NONNULL = YES;
				CLANG_ANALYZER_NUMBER_OBJECT_CONVERSION = YES_AGGRESSIVE;
				CLANG_CXX_LANGUAGE_STANDARD = "gnu++14";
				CLANG_CXX_LIBRARY = "libc++";
				CLANG_ENABLE_MODULES = YES;
				CLANG_ENABLE_OBJC_ARC = YES;
				CLANG_ENABLE_OBJC_WEAK = YES;
				CLANG_WARN_BLOCK_CAPTURE_AUTORELEASING = YES;
				CLANG_WARN_BOOL_CONVERSION = YES;
				CLANG_WARN_COMMA = YES;
				CLANG_WARN_CONSTANT_CONVERSION = YES;
				CLANG_WARN_DEPRECATED_OBJC_IMPLEMENTATIONS = YES;
				CLANG_WARN_DIRECT_OBJC_ISA_USAGE = YES_ERROR;
				CLANG_WARN_DOCUMENTATION_COMMENTS = YES;
				CLANG_WARN_EMPTY_BODY = YES;
				CLANG_WARN_ENUM_CONVERSION = YES;
				CLANG_WARN_INFINITE_RECURSION = YES;
				CLANG_WARN_INT_CONVERSION = YES;
				CLANG_WARN_NON_LITERAL_NULL_CONVERSION = YES;
				CLANG_WARN_OBJC_IMPLICIT_RETAIN_SELF = YES;
				CLANG_WARN_OBJC_LITERAL_CONVERSION = YES;
				CLANG_WARN_OBJC_ROOT_CLASS = YES_ERROR;
				CLANG_WARN_QUOTED_INCLUDE_IN_FRAMEWORK_HEADER = YES;
				CLANG_WARN_RANGE_LOOP_ANALYSIS = YES;
				CLANG_WARN_STRICT_PROTOTYPES = YES;
				CLANG_WARN_SUSPICIOUS_MOVE = YES;
				CLANG_WARN_UNGUARDED_AVAILABILITY = YES_AGGRESSIVE;
				CLANG_WARN_UNREACHABLE_CODE = YES;
				CLANG_WARN__DUPLICATE_METHOD_MATCH = YES;
				COPY_PHASE_STRIP = NO;
				DEBUG_INFORMATION_FORMAT = dwarf;
				ENABLE_STRICT_OBJC_MSGSEND = YES;
				ENABLE_TESTABILITY = YES;
				GCC_C_LANGUAGE_STANDARD = gnu11;
				GCC_DYNAMIC_NO_PIC = NO;
				GCC_NO_COMMON_BLOCKS = YES;
				GCC_OPTIMIZATION_LEVEL = 0;
				GCC_PREPROCESSOR_DEFINITIONS = (
					"DEBUG=1",
					"$(inherited)",
				);
				GCC_WARN_64_TO_32_BIT_CONVERSION = YES;
				GCC_WARN_ABOUT_RETURN_TYPE = YES_ERROR;
				GCC_WARN_UNDECLARED_SELECTOR = YES;
				GCC_WARN_UNINITIALIZED_AUTOS = YES_AGGRESSIVE;
				GCC_WARN_UNUSED_FUNCTION = YES;
				GCC_WARN_UNUSED_VARIABLE = YES;
				IPHONEOS_DEPLOYMENT_TARGET = 14.1;
				MTL_ENABLE_DEBUG_INFO = INCLUDE_SOURCE;
				MTL_FAST_MATH = YES;
				ONLY_ACTIVE_ARCH = YES;
				SDKROOT = iphoneos;
				SWIFT_ACTIVE_COMPILATION_CONDITIONS = DEBUG;
				SWIFT_OPTIMIZATION_LEVEL = "-Onone";
			};
			name = Debug;
		};
		CC49E4B626728858003DD2BC /* Release */ = {
			isa = XCBuildConfiguration;
			buildSettings = {
				ALWAYS_SEARCH_USER_PATHS = NO;
				CLANG_ANALYZER_NONNULL = YES;
				CLANG_ANALYZER_NUMBER_OBJECT_CONVERSION = YES_AGGRESSIVE;
				CLANG_CXX_LANGUAGE_STANDARD = "gnu++14";
				CLANG_CXX_LIBRARY = "libc++";
				CLANG_ENABLE_MODULES = YES;
				CLANG_ENABLE_OBJC_ARC = YES;
				CLANG_ENABLE_OBJC_WEAK = YES;
				CLANG_WARN_BLOCK_CAPTURE_AUTORELEASING = YES;
				CLANG_WARN_BOOL_CONVERSION = YES;
				CLANG_WARN_COMMA = YES;
				CLANG_WARN_CONSTANT_CONVERSION = YES;
				CLANG_WARN_DEPRECATED_OBJC_IMPLEMENTATIONS = YES;
				CLANG_WARN_DIRECT_OBJC_ISA_USAGE = YES_ERROR;
				CLANG_WARN_DOCUMENTATION_COMMENTS = YES;
				CLANG_WARN_EMPTY_BODY = YES;
				CLANG_WARN_ENUM_CONVERSION = YES;
				CLANG_WARN_INFINITE_RECURSION = YES;
				CLANG_WARN_INT_CONVERSION = YES;
				CLANG_WARN_NON_LITERAL_NULL_CONVERSION = YES;
				CLANG_WARN_OBJC_IMPLICIT_RETAIN_SELF = YES;
				CLANG_WARN_OBJC_LITERAL_CONVERSION = YES;
				CLANG_WARN_OBJC_ROOT_CLASS = YES_ERROR;
				CLANG_WARN_QUOTED_INCLUDE_IN_FRAMEWORK_HEADER = YES;
				CLANG_WARN_RANGE_LOOP_ANALYSIS = YES;
				CLANG_WARN_STRICT_PROTOTYPES = YES;
				CLANG_WARN_SUSPICIOUS_MOVE = YES;
				CLANG_WARN_UNGUARDED_AVAILABILITY = YES_AGGRESSIVE;
				CLANG_WARN_UNREACHABLE_CODE = YES;
				CLANG_WARN__DUPLICATE_METHOD_MATCH = YES;
				COPY_PHASE_STRIP = NO;
				DEBUG_INFORMATION_FORMAT = "dwarf-with-dsym";
				ENABLE_NS_ASSERTIONS = NO;
				ENABLE_STRICT_OBJC_MSGSEND = YES;
				GCC_C_LANGUAGE_STANDARD = gnu11;
				GCC_NO_COMMON_BLOCKS = YES;
				GCC_WARN_64_TO_32_BIT_CONVERSION = YES;
				GCC_WARN_ABOUT_RETURN_TYPE = YES_ERROR;
				GCC_WARN_UNDECLARED_SELECTOR = YES;
				GCC_WARN_UNINITIALIZED_AUTOS = YES_AGGRESSIVE;
				GCC_WARN_UNUSED_FUNCTION = YES;
				GCC_WARN_UNUSED_VARIABLE = YES;
				IPHONEOS_DEPLOYMENT_TARGET = 14.1;
				MTL_ENABLE_DEBUG_INFO = NO;
				MTL_FAST_MATH = YES;
				SDKROOT = iphoneos;
				SWIFT_COMPILATION_MODE = wholemodule;
				SWIFT_OPTIMIZATION_LEVEL = "-O";
				VALIDATE_PRODUCT = YES;
			};
			name = Release;
		};
		CC49E4B826728858003DD2BC /* Debug */ = {
			isa = XCBuildConfiguration;
			baseConfigurationReference = 9F7C50ACC8F85C74D8D5C299 /* Pods-AsyncImageCollection.debug.xcconfig */;
			buildSettings = {
				ASSETCATALOG_COMPILER_APPICON_NAME = AppIcon;
				ASSETCATALOG_COMPILER_GLOBAL_ACCENT_COLOR_NAME = AccentColor;
				CODE_SIGN_STYLE = Automatic;
				INFOPLIST_FILE = AsyncImageCollection/Info.plist;
				LD_RUNPATH_SEARCH_PATHS = (
					"$(inherited)",
					"@executable_path/Frameworks",
				);
				PRODUCT_BUNDLE_IDENTIFIER = com.marcodelgiudice.AsyncImageCollection;
				PRODUCT_NAME = "$(TARGET_NAME)";
				SWIFT_VERSION = 5.0;
				TARGETED_DEVICE_FAMILY = "1,2";
			};
			name = Debug;
		};
		CC49E4B926728858003DD2BC /* Release */ = {
			isa = XCBuildConfiguration;
			baseConfigurationReference = 3F0CA1D4E8A2C665423E5810 /* Pods-AsyncImageCollection.release.xcconfig */;
			buildSettings = {
				ASSETCATALOG_COMPILER_APPICON_NAME = AppIcon;
				ASSETCATALOG_COMPILER_GLOBAL_ACCENT_COLOR_NAME = AccentColor;
				CODE_SIGN_STYLE = Automatic;
				INFOPLIST_FILE = AsyncImageCollection/Info.plist;
				LD_RUNPATH_SEARCH_PATHS = (
					"$(inherited)",
					"@executable_path/Frameworks",
				);
				PRODUCT_BUNDLE_IDENTIFIER = com.marcodelgiudice.AsyncImageCollection;
				PRODUCT_NAME = "$(TARGET_NAME)";
				SWIFT_VERSION = 5.0;
				TARGETED_DEVICE_FAMILY = "1,2";
			};
			name = Release;
		};
/* End XCBuildConfiguration section */

/* Begin XCConfigurationList section */
		CC49E49E26728855003DD2BC /* Build configuration list for PBXProject "AsyncImageCollection" */ = {
			isa = XCConfigurationList;
			buildConfigurations = (
				CC49E4B526728858003DD2BC /* Debug */,
				CC49E4B626728858003DD2BC /* Release */,
			);
			defaultConfigurationIsVisible = 0;
			defaultConfigurationName = Release;
		};
		CC49E4B726728858003DD2BC /* Build configuration list for PBXNativeTarget "AsyncImageCollection" */ = {
			isa = XCConfigurationList;
			buildConfigurations = (
				CC49E4B826728858003DD2BC /* Debug */,
				CC49E4B926728858003DD2BC /* Release */,
			);
			defaultConfigurationIsVisible = 0;
			defaultConfigurationName = Release;
		};
/* End XCConfigurationList section */
	};
	rootObject = CC49E49B26728855003DD2BC /* Project object */;
}
